
Microsoft Visual Studio Solution File, Format Version 12.00
# Visual Studio Version 16
VisualStudioVersion = 16.0.30503.244
MinimumVisualStudioVersion = 10.0.40219.1
Project("{FAE04EC0-301F-11D3-BF4B-00C04F79EFBC}") = "TasksList", "TasksList.csproj", "{1846A8A4-6551-4710-B8EE-DEC440238043}"
EndProject
Global
	GlobalSection(SolutionConfigurationPlatforms) = preSolution
		Debug|Any CPU = Debug|Any CPU
		Release|Any CPU = Release|Any CPU
	EndGlobalSection
	GlobalSection(ProjectConfigurationPlatforms) = postSolution
		{1846A8A4-6551-4710-B8EE-DEC440238043}.Debug|Any CPU.ActiveCfg = Debug|Any CPU
		{1846A8A4-6551-4710-B8EE-DEC440238043}.Debug|Any CPU.Build.0 = Debug|Any CPU
		{1846A8A4-6551-4710-B8EE-DEC440238043}.Release|Any CPU.ActiveCfg = Release|Any CPU
		{1846A8A4-6551-4710-B8EE-DEC440238043}.Release|Any CPU.Build.0 = Release|Any CPU
	EndGlobalSection
	GlobalSection(SolutionProperties) = preSolution
		HideSolutionNode = FALSE
	EndGlobalSection
	GlobalSection(ExtensibilityGlobals) = postSolution
		SolutionGuid = {77858D08-AD31-42F3-9C72-3D5AE06850C7}
	EndGlobalSection
EndGlobal
